{
  "name": "@rucebee/core",
  "version": "1.0.72",
  "lockfileVersion": 1,
  "requires": true,
  "dependencies": {
    "lodash": {
      "version": "4.17.21",
      "resolved": "https://registry.npmjs.org/lodash/-/lodash-4.17.21.tgz",
      "integrity": "sha512-v2kDEe57lecTulaDIuNTPy3Ry4gLGJ6Z1O3vE1krgXZNrsQ+LFTGHVxVjcXPs17LhbZVGedAJv8XZ1tvj5FvSg=="
    },
    "platform": {
      "version": "1.3.6",
      "resolved": "https://registry.npmjs.org/platform/-/platform-1.3.6.tgz",
      "integrity": "sha512-fnWVljUchTro6RiCFvCXBbNhJc2NijN7oIQxbwsyL0buWJPG85v81ehlHI9fXrJsMNgTofEoWIQeClKpgxFLrg=="
    },
    "shorthash2": {
      "version": "1.0.3",
      "resolved": "https://registry.npmjs.org/shorthash2/-/shorthash2-1.0.3.tgz",
      "integrity": "sha512-oB8s64JsyJ2xhHJlnTwGg++Y3BTF6XnXeXMC7OygD8vtNcCRDiMxEGONvUOeZbxfwEXENmRlqPDouMR/OtGDsw=="
    },
    "tosource": {
      "version": "2.0.0-alpha.3",
      "resolved": "https://registry.npmjs.org/tosource/-/tosource-2.0.0-alpha.3.tgz",
      "integrity": "sha512-KAB2lrSS48y91MzFPFuDg4hLbvDiyTjOVgaK7Erw+5AmZXNq4sFRVn8r6yxSLuNs15PaokrDRpS61ERY9uZOug=="
    },
    "tsv-json": {
      "version": "2.0.0",
      "resolved": "https://registry.npmjs.org/tsv-json/-/tsv-json-2.0.0.tgz",
      "integrity": "sha512-muMGcyearPghEu+ET4HyDo1aOkCTldTc6PujztHhRqsCkHAWuRDynTf1t20NJz5iI961m2CDNVeo9vhU/Vblfg=="
    },
    "uuid": {
      "version": "8.3.2",
      "resolved": "https://registry.npmjs.org/uuid/-/uuid-8.3.2.tgz",
      "integrity": "sha512-+NYs2QeMWy+GWFOEm9xnn6HCDp0l7QBD7ml8zLUmJ+93Q5NF0NocErnwkTkXVFNiX3/fpC6afS8Dhb/gz7R7eg=="
    }
  }
}
